
Microsoft Visual Studio Solution File, Format Version 12.00
# Visual Studio Version 17
VisualStudioVersion = 17.14.36401.2 d17.14
MinimumVisualStudioVersion = 10.0.40219.1
Project("{FAE04EC0-301F-11D3-BF4B-00C04F79EFBC}") = "HolaMundo", "HolaMundo\HolaMundo.csproj", "{51EAC92A-1C2E-4DFA-9705-594BB1653D26}"
EndProject
Global
	GlobalSection(SolutionConfigurationPlatforms) = preSolution
		Debug|Any CPU = Debug|Any CPU
		Release|Any CPU = Release|Any CPU
	EndGlobalSection
	GlobalSection(ProjectConfigurationPlatforms) = postSolution
		{51EAC92A-1C2E-4DFA-9705-594BB1653D26}.Debug|Any CPU.ActiveCfg = Debug|Any CPU
		{51EAC92A-1C2E-4DFA-9705-594BB1653D26}.Debug|Any CPU.Build.0 = Debug|Any CPU
		{51EAC92A-1C2E-4DFA-9705-594BB1653D26}.Release|Any CPU.ActiveCfg = Release|Any CPU
		{51EAC92A-1C2E-4DFA-9705-594BB1653D26}.Release|Any CPU.Build.0 = Release|Any CPU
	EndGlobalSection
	GlobalSection(SolutionProperties) = preSolution
		HideSolutionNode = FALSE
	EndGlobalSection
	GlobalSection(ExtensibilityGlobals) = postSolution
		SolutionGuid = {0AEDE6EF-AFE4-4D75-B615-EA2581007357}
	EndGlobalSection
EndGlobal
